
Microsoft Visual Studio Solution File, Format Version 12.00
# Visual Studio Version 16
VisualStudioVersion = 16.0.32929.386
MinimumVisualStudioVersion = 10.0.40219.1
Project("{FAE04EC0-301F-11D3-BF4B-00C04F79EFBC}") = "Kata", "Kata\Kata.csproj", "{EF88D995-93E6-403D-BC75-D800A676A038}"
EndProject
Global
	GlobalSection(SolutionConfigurationPlatforms) = preSolution
		Debug|Any CPU = Debug|Any CPU
		Release|Any CPU = Release|Any CPU
	EndGlobalSection
	GlobalSection(ProjectConfigurationPlatforms) = postSolution
		{EF88D995-93E6-403D-BC75-D800A676A038}.Debug|Any CPU.ActiveCfg = Debug|Any CPU
		{EF88D995-93E6-403D-BC75-D800A676A038}.Debug|Any CPU.Build.0 = Debug|Any CPU
		{EF88D995-93E6-403D-BC75-D800A676A038}.Release|Any CPU.ActiveCfg = Release|Any CPU
		{EF88D995-93E6-403D-BC75-D800A676A038}.Release|Any CPU.Build.0 = Release|Any CPU
	EndGlobalSection
	GlobalSection(SolutionProperties) = preSolution
		HideSolutionNode = FALSE
	EndGlobalSection
	GlobalSection(ExtensibilityGlobals) = postSolution
		SolutionGuid = {780C65BD-9362-4B6D-A160-4289655DF1E9}
	EndGlobalSection
EndGlobal
